
Microsoft Visual Studio Solution File, Format Version 12.00
# Visual Studio 2015
Project("{FAE04EC0-301F-11D3-BF4B-00C04F79EFBC}") = "MAGNI.CSharp", "MAGNI.CSharp.csproj", "{14FDCA13-AC2C-479C-F4D9-596E9F87D957}"
EndProject
Global
	GlobalSection(SolutionConfigurationPlatforms) = preSolution
		Debug|Any CPU = Debug|Any CPU
		Release|Any CPU = Release|Any CPU
	EndGlobalSection
	GlobalSection(ProjectConfigurationPlatforms) = postSolution
		{14FDCA13-AC2C-479C-F4D9-596E9F87D957}.Debug|Any CPU.ActiveCfg = Debug|Any CPU
		{14FDCA13-AC2C-479C-F4D9-596E9F87D957}.Debug|Any CPU.Build.0 = Debug|Any CPU
		{14FDCA13-AC2C-479C-F4D9-596E9F87D957}.Release|Any CPU.ActiveCfg = Release|Any CPU
		{14FDCA13-AC2C-479C-F4D9-596E9F87D957}.Release|Any CPU.Build.0 = Release|Any CPU
	EndGlobalSection
	GlobalSection(SolutionProperties) = preSolution
		HideSolutionNode = FALSE
	EndGlobalSection
EndGlobal
